
Microsoft Visual Studio Solution File, Format Version 12.00
# Visual Studio Version 16
VisualStudioVersion = 16.0.30907.101
MinimumVisualStudioVersion = 10.0.40219.1
Project("{8BC9CEB8-8B4A-11D0-8D11-00A0C91BC942}") = "Lab2-p1", "Lab2-p1.vcxproj", "{EB5AEB29-B0C2-4BA7-9ACD-B5C848FF1345}"
EndProject
Global
	GlobalSection(SolutionConfigurationPlatforms) = preSolution
		Debug|x64 = Debug|x64
		Debug|x86 = Debug|x86
		Release|x64 = Release|x64
		Release|x86 = Release|x86
	EndGlobalSection
	GlobalSection(ProjectConfigurationPlatforms) = postSolution
		{EB5AEB29-B0C2-4BA7-9ACD-B5C848FF1345}.Debug|x64.ActiveCfg = Debug|x64
		{EB5AEB29-B0C2-4BA7-9ACD-B5C848FF1345}.Debug|x64.Build.0 = Debug|x64
		{EB5AEB29-B0C2-4BA7-9ACD-B5C848FF1345}.Debug|x86.ActiveCfg = Debug|Win32
		{EB5AEB29-B0C2-4BA7-9ACD-B5C848FF1345}.Debug|x86.Build.0 = Debug|Win32
		{EB5AEB29-B0C2-4BA7-9ACD-B5C848FF1345}.Release|x64.ActiveCfg = Release|x64
		{EB5AEB29-B0C2-4BA7-9ACD-B5C848FF1345}.Release|x64.Build.0 = Release|x64
		{EB5AEB29-B0C2-4BA7-9ACD-B5C848FF1345}.Release|x86.ActiveCfg = Release|Win32
		{EB5AEB29-B0C2-4BA7-9ACD-B5C848FF1345}.Release|x86.Build.0 = Release|Win32
	EndGlobalSection
	GlobalSection(SolutionProperties) = preSolution
		HideSolutionNode = FALSE
	EndGlobalSection
	GlobalSection(ExtensibilityGlobals) = postSolution
		SolutionGuid = {E4DE6A2B-30A2-4F37-8FCE-09BF8741DA07}
	EndGlobalSection
EndGlobal
